
Microsoft Visual Studio Solution File, Format Version 12.00
# Visual Studio Version 17
VisualStudioVersion = 17.8.34511.84
MinimumVisualStudioVersion = 10.0.40219.1
Project("{FAE04EC0-301F-11D3-BF4B-00C04F79EFBC}") = "Arv Genomgång", "Arv Genomgång\Arv Genomgång.csproj", "{714203B6-BCEB-41C0-9F0F-3333AA7F4ED8}"
EndProject
Global
	GlobalSection(SolutionConfigurationPlatforms) = preSolution
		Debug|Any CPU = Debug|Any CPU
		Release|Any CPU = Release|Any CPU
	EndGlobalSection
	GlobalSection(ProjectConfigurationPlatforms) = postSolution
		{714203B6-BCEB-41C0-9F0F-3333AA7F4ED8}.Debug|Any CPU.ActiveCfg = Debug|Any CPU
		{714203B6-BCEB-41C0-9F0F-3333AA7F4ED8}.Debug|Any CPU.Build.0 = Debug|Any CPU
		{714203B6-BCEB-41C0-9F0F-3333AA7F4ED8}.Release|Any CPU.ActiveCfg = Release|Any CPU
		{714203B6-BCEB-41C0-9F0F-3333AA7F4ED8}.Release|Any CPU.Build.0 = Release|Any CPU
	EndGlobalSection
	GlobalSection(SolutionProperties) = preSolution
		HideSolutionNode = FALSE
	EndGlobalSection
	GlobalSection(ExtensibilityGlobals) = postSolution
		SolutionGuid = {B36C1D8D-23D3-4FB2-B13C-1CEE2DFEA83C}
	EndGlobalSection
EndGlobal
